<Solution>
  <Folder Name="/Task0/">
    <Project Path="Tyuiu.KashinaVE.Sprint1.Task0.V19.Lib/Tyuiu.KashinaVE.Sprint1.Task0.V19.Lib.csproj" />
    <Project Path="Tyuiu.KashinaVE.Sprint1.Task0.V19.Test/Tyuiu.KashinaVE.Sprint1.Task0.V19.Test.csproj" />
    <Project Path="Tyuiu.KashinaVE.Sprint1.Task0.V19/Tyuiu.KashinaVE.Sprint1.Task0.V19.csproj" />
  </Folder>
  <Folder Name="/Task1/">
    <Project Path="Tyuiu.KashinaVE.Sprint1.Task1.V3.Lib/Tyuiu.KashinaVE.Sprint1.Task1.V3.Lib.csproj" Id="4fecdeab-e470-42e5-81e1-a289fb5706f0" />
    <Project Path="Tyuiu.KashinaVE.Sprint1.Task1.V3.Test/Tyuiu.KashinaVE.Sprint1.Task1.V3.Test.csproj" Id="ca8ea22f-3136-4d42-9dec-0ca3ff9cbbb9" />
    <Project Path="Tyuiu.KashinaVE.Sprint1.Task1.V3/Tyuiu.KashinaVE.Sprint1.Task1.V3.csproj" Id="87d2e1ec-21e3-4ad0-9b1b-a9404c0274d8" />
  </Folder>
  <Folder Name="/Task2/">
    <Project Path="Tyuiu.KashinaVE.Sprint1.Task2.V7.Lib/Tyuiu.KashinaVE.Sprint1.Task2.V7.Lib.csproj" Id="dda948a3-22a5-4305-82dd-5d870fe5c2ae" />
    <Project Path="Tyuiu.KashinaVE.Sprint1.Task2.V7.Test/Tyuiu.KashinaVE.Sprint1.Task2.V7.Test.csproj" Id="2879da31-eda9-4013-96be-1fb8e6b3d41d" />
    <Project Path="Tyuiu.KashinaVE.Sprint1.Task2.V7/Tyuiu.KashinaVE.Sprint1.Task2.V7.csproj" Id="127c162f-e263-41f4-bda8-5fef1ec62a5d" />
  </Folder>
  <Folder Name="/Task3/">
    <Project Path="Tyuiu.KashinaVE.Sprint1.Task3.V12.Lib/Tyuiu.KashinaVE.Sprint1.Task3.V12.Lib.csproj" Id="15c80811-045c-4463-a869-bad11a62115e" />
    <Project Path="Tyuiu.KashinaVE.Sprint1.Task3.V12.Test/Tyuiu.KashinaVE.Sprint1.Task3.V12.Test.csproj" Id="7df27704-814f-406b-81c2-3bbe7c849e3c" />
    <Project Path="Tyuiu.KashinaVE.Sprint1.Task3.V12/Tyuiu.KashinaVE.Sprint1.Task3.V12.csproj" Id="6313bc94-23e9-4c16-9125-6391b2feb4ec" />
  </Folder>
  <Folder Name="/Task4/">
    <Project Path="Tyuiu.KashinaVE.Sprint1.Task4.V16.Lib/Tyuiu.KashinaVE.Sprint1.Task4.V16.Lib.csproj" Id="ddfbf394-6af5-4403-b6a4-7aa8ec1f7360" />
    <Project Path="Tyuiu.KashinaVE.Sprint1.Task4.V16.Test/Tyuiu.KashinaVE.Sprint1.Task4.V16.Test.csproj" Id="92e2b764-398e-4bed-8ee8-937401df16a4" />
    <Project Path="Tyuiu.KashinaVE.Sprint1.Task4.V16/Tyuiu.KashinaVE.Sprint1.Task4.V16.csproj" Id="5731687b-5720-43d6-9780-78ac4fd2afb7" />
  </Folder>
  <Folder Name="/Task5/">
    <Project Path="Tyuiu.KashinaVE.Sprint1.Task5.V7.Lib/Tyuiu.KashinaVE.Sprint1.Task5.V7.Lib.csproj" Id="01e70986-a971-4120-87de-81e85707f3a7" />
    <Project Path="Tyuiu.KashinaVE.Sprint1.Task5.V7.Test/Tyuiu.KashinaVE.Sprint1.Task5.V7.Test.csproj" Id="b6c2d8ed-8328-4991-a0a5-183b1c69b5cd" />
    <Project Path="Tyuiu.KashinaVE.Sprint1.Task5.V7/Tyuiu.KashinaVE.Sprint1.Task5.V7.csproj" Id="0190f4ce-8a16-4e0b-83de-cdbb42f3c624" />
  </Folder>
  <Folder Name="/Task6/">
    <Project Path="Tyuiu.KashinaVE.Sprint1.Task6.V3.Lib/Tyuiu.KashinaVE.Sprint1.Task6.V3.Lib.csproj" Id="b31746bb-9670-42d5-bf03-51f438e56046" />
    <Project Path="Tyuiu.KashinaVE.Sprint1.Task6.V3.Test/Tyuiu.KashinaVE.Sprint1.Task6.V3.Test.csproj" Id="40d5e097-3c7c-4e77-ad53-b25703c90ade" />
    <Project Path="Tyuiu.KashinaVE.Sprint1.Task6.V3/Tyuiu.KashinaVE.Sprint1.Task6.V3.csproj" Id="d64ee5aa-b279-4109-b6bb-73b5456b2af1" />
  </Folder>
</Solution>
