<Solution>
  <Folder Name="/Task0/">
    <Project Path="Tyuiu.KashinaVE.Sprint1.Task0.V19.Lib/Tyuiu.KashinaVE.Sprint1.Task0.V19.Lib.csproj" />
    <Project Path="Tyuiu.KashinaVE.Sprint1.Task0.V19.Test/Tyuiu.KashinaVE.Sprint1.Task0.V19.Test.csproj" />
    <Project Path="Tyuiu.KashinaVE.Sprint1.Task0.V19/Tyuiu.KashinaVE.Sprint1.Task0.V19.csproj" />
  </Folder>
  <Folder Name="/Task1/">
    <Project Path="Tyuiu.KashinaVE.Sprint1.Task1.V3.Lib/Tyuiu.KashinaVE.Sprint1.Task1.V3.Lib.csproj" Id="4fecdeab-e470-42e5-81e1-a289fb5706f0" />
    <Project Path="Tyuiu.KashinaVE.Sprint1.Task1.V3.Test/Tyuiu.KashinaVE.Sprint1.Task1.V3.Test.csproj" Id="ca8ea22f-3136-4d42-9dec-0ca3ff9cbbb9" />
    <Project Path="Tyuiu.KashinaVE.Sprint1.Task1.V3/Tyuiu.KashinaVE.Sprint1.Task1.V3.csproj" Id="87d2e1ec-21e3-4ad0-9b1b-a9404c0274d8" />
  </Folder>
</Solution>
